PODS:
  - arcgis_maps (200.7.0.4560):
    - arcgis_maps_ffi
    - Flutter
    - Runtimecore
  - arcgis_maps_ffi (200.7.0.4560)
  - device_info_plus (0.0.1):
    - Flutter
  - Flutter (1.0.0)
  - flutter_secure_storage (6.0.0):
    - Flutter
  - flutter_web_auth_2 (3.0.0):
    - Flutter
  - geolocator_apple (1.2.0):
    - Flutter
    - FlutterMacOS
  - haptic_feedback (0.5.1):
    - Flutter
  - package_info_plus (0.4.5):
    - Flutter
  - path_provider_foundation (0.0.1):
    - Flutter
    - FlutterMacOS
  - Runtimecore (200.7.0.4560)
  - sqlite3 (3.50.2):
    - sqlite3/common (= 3.50.2)
  - sqlite3/common (3.50.2)
  - sqlite3/dbstatvtab (3.50.2):
    - sqlite3/common
  - sqlite3/fts5 (3.50.2):
    - sqlite3/common
  - sqlite3/math (3.50.2):
    - sqlite3/common
  - sqlite3/perf-threadsafe (3.50.2):
    - sqlite3/common
  - sqlite3/rtree (3.50.2):
    - sqlite3/common
  - sqlite3_flutter_libs (0.0.1):
    - Flutter
    - FlutterMacOS
    - sqlite3 (~> 3.50.1)
    - sqlite3/dbstatvtab
    - sqlite3/fts5
    - sqlite3/math
    - sqlite3/perf-threadsafe
    - sqlite3/rtree
  - url_launcher_ios (0.0.1):
    - Flutter
  - webview_flutter_wkwebview (0.0.1):
    - Flutter
    - FlutterMacOS

DEPENDENCIES:
  - arcgis_maps (from `.symlinks/plugins/arcgis_maps/ios`)
  - arcgis_maps_ffi (from `../arcgis_maps_core/ios/arcgis_maps_ffi.podspec`)
  - device_info_plus (from `.symlinks/plugins/device_info_plus/ios`)
  - Flutter (from `Flutter`)
  - flutter_secure_storage (from `.symlinks/plugins/flutter_secure_storage/ios`)
  - flutter_web_auth_2 (from `.symlinks/plugins/flutter_web_auth_2/ios`)
  - geolocator_apple (from `.symlinks/plugins/geolocator_apple/darwin`)
  - haptic_feedback (from `.symlinks/plugins/haptic_feedback/ios`)
  - package_info_plus (from `.symlinks/plugins/package_info_plus/ios`)
  - path_provider_foundation (from `.symlinks/plugins/path_provider_foundation/darwin`)
  - Runtimecore (from `../arcgis_maps_core/ios/Runtimecore.podspec`)
  - sqlite3_flutter_libs (from `.symlinks/plugins/sqlite3_flutter_libs/darwin`)
  - url_launcher_ios (from `.symlinks/plugins/url_launcher_ios/ios`)
  - webview_flutter_wkwebview (from `.symlinks/plugins/webview_flutter_wkwebview/darwin`)

SPEC REPOS:
  trunk:
    - sqlite3

EXTERNAL SOURCES:
  arcgis_maps:
    :path: ".symlinks/plugins/arcgis_maps/ios"
  arcgis_maps_ffi:
    :podspec: "../arcgis_maps_core/ios/arcgis_maps_ffi.podspec"
  device_info_plus:
    :path: ".symlinks/plugins/device_info_plus/ios"
  Flutter:
    :path: Flutter
  flutter_secure_storage:
    :path: ".symlinks/plugins/flutter_secure_storage/ios"
  flutter_web_auth_2:
    :path: ".symlinks/plugins/flutter_web_auth_2/ios"
  geolocator_apple:
    :path: ".symlinks/plugins/geolocator_apple/darwin"
  haptic_feedback:
    :path: ".symlinks/plugins/haptic_feedback/ios"
  package_info_plus:
    :path: ".symlinks/plugins/package_info_plus/ios"
  path_provider_foundation:
    :path: ".symlinks/plugins/path_provider_foundation/darwin"
  Runtimecore:
    :podspec: "../arcgis_maps_core/ios/Runtimecore.podspec"
  sqlite3_flutter_libs:
    :path: ".symlinks/plugins/sqlite3_flutter_libs/darwin"
  url_launcher_ios:
    :path: ".symlinks/plugins/url_launcher_ios/ios"
  webview_flutter_wkwebview:
    :path: ".symlinks/plugins/webview_flutter_wkwebview/darwin"

SPEC CHECKSUMS:
  arcgis_maps: 08507a3e132cdc12a7d7358183aa971d62647ee4
  arcgis_maps_ffi: 8456781f27e14349a9d351b4f0a6d6d4745ba458
  device_info_plus: 21fcca2080fbcd348be798aa36c3e5ed849eefbe
  Flutter: e0871f40cf51350855a761d2e70bf5af5b9b5de7
  flutter_secure_storage: 1ed9476fba7e7a782b22888f956cce43e2c62f13
  flutter_web_auth_2: 5c8d9dcd7848b5a9efb086d24e7a9adcae979c80
  geolocator_apple: ab36aa0e8b7d7a2d7639b3b4e48308394e8cef5e
  haptic_feedback: fd1d8509833f58f164fc12122c0357fa9b2750e0
  package_info_plus: af8e2ca6888548050f16fa2f1938db7b5a5df499
  path_provider_foundation: 080d55be775b7414fd5a5ef3ac137b97b097e564
  Runtimecore: c20d4f33bbff6262fc6b3e6071074c5a7525d2ca
  sqlite3: 3e82a2daae39ba3b41ae6ee84a130494585460fc
  sqlite3_flutter_libs: e7fc8c9ea2200ff3271f08f127842131746b70e2
  url_launcher_ios: 694010445543906933d732453a59da0a173ae33d
  webview_flutter_wkwebview: 1821ceac936eba6f7984d89a9f3bcb4dea99ebb2

PODFILE CHECKSUM: 214287d9887ad5795656eeafa93720a1ca5b8ce4

COCOAPODS: 1.16.2
